
Microsoft Visual Studio Solution File, Format Version 12.00
# Visual Studio Version 17
VisualStudioVersion = 17.2.32602.215
MinimumVisualStudioVersion = 10.0.40219.1
Project("{FAE04EC0-301F-11D3-BF4B-00C04F79EFBC}") = "RG_HSceneCrowdReaction", "RG_HSceneCrowdReaction\RG_HSceneCrowdReaction.csproj", "{5D73F5D8-185F-4224-A927-1EA7125889CC}"
EndProject
Global
	GlobalSection(SolutionConfigurationPlatforms) = preSolution
		Debug|Any CPU = Debug|Any CPU
		Release|Any CPU = Release|Any CPU
	EndGlobalSection
	GlobalSection(ProjectConfigurationPlatforms) = postSolution
		{5D73F5D8-185F-4224-A927-1EA7125889CC}.Debug|Any CPU.ActiveCfg = Debug|Any CPU
		{5D73F5D8-185F-4224-A927-1EA7125889CC}.Debug|Any CPU.Build.0 = Debug|Any CPU
		{5D73F5D8-185F-4224-A927-1EA7125889CC}.Release|Any CPU.ActiveCfg = Release|Any CPU
		{5D73F5D8-185F-4224-A927-1EA7125889CC}.Release|Any CPU.Build.0 = Release|Any CPU
	EndGlobalSection
	GlobalSection(SolutionProperties) = preSolution
		HideSolutionNode = FALSE
	EndGlobalSection
	GlobalSection(ExtensibilityGlobals) = postSolution
		SolutionGuid = {3017433B-F8FC-4128-9416-E1B3647FC7D1}
	EndGlobalSection
EndGlobal
